
Microsoft Visual Studio Solution File, Format Version 12.00
# Visual Studio Version 16
VisualStudioVersion = 16.0.28803.202
MinimumVisualStudioVersion = 10.0.40219.1
Project("{FAE04EC0-301F-11D3-BF4B-00C04F79EFBC}") = "Projekt", "Projekt\Projekt.csproj", "{096ADBEA-C265-4FD8-B99D-69B270DB0E4B}"
EndProject
Global
	GlobalSection(SolutionConfigurationPlatforms) = preSolution
		Debug|Any CPU = Debug|Any CPU
		Release|Any CPU = Release|Any CPU
	EndGlobalSection
	GlobalSection(ProjectConfigurationPlatforms) = postSolution
		{096ADBEA-C265-4FD8-B99D-69B270DB0E4B}.Debug|Any CPU.ActiveCfg = Debug|Any CPU
		{096ADBEA-C265-4FD8-B99D-69B270DB0E4B}.Debug|Any CPU.Build.0 = Debug|Any CPU
		{096ADBEA-C265-4FD8-B99D-69B270DB0E4B}.Release|Any CPU.ActiveCfg = Release|Any CPU
		{096ADBEA-C265-4FD8-B99D-69B270DB0E4B}.Release|Any CPU.Build.0 = Release|Any CPU
	EndGlobalSection
	GlobalSection(SolutionProperties) = preSolution
		HideSolutionNode = FALSE
	EndGlobalSection
	GlobalSection(ExtensibilityGlobals) = postSolution
		SolutionGuid = {F54A9CE6-D7E9-4B10-A79D-EC4C0106DF06}
	EndGlobalSection
EndGlobal
